
Microsoft Visual Studio Solution File, Format Version 12.00
# Visual Studio Version 16
VisualStudioVersion = 16.0.31729.503
MinimumVisualStudioVersion = 10.0.40219.1
Project("{FAE04EC0-301F-11D3-BF4B-00C04F79EFBC}") = "create_tabel", "create_tabel\create_tabel.csproj", "{4620D290-0908-44A0-A92F-2EEE6B050775}"
EndProject
Global
	GlobalSection(SolutionConfigurationPlatforms) = preSolution
		Debug|Any CPU = Debug|Any CPU
		Release|Any CPU = Release|Any CPU
	EndGlobalSection
	GlobalSection(ProjectConfigurationPlatforms) = postSolution
		{4620D290-0908-44A0-A92F-2EEE6B050775}.Debug|Any CPU.ActiveCfg = Debug|Any CPU
		{4620D290-0908-44A0-A92F-2EEE6B050775}.Debug|Any CPU.Build.0 = Debug|Any CPU
		{4620D290-0908-44A0-A92F-2EEE6B050775}.Release|Any CPU.ActiveCfg = Release|Any CPU
		{4620D290-0908-44A0-A92F-2EEE6B050775}.Release|Any CPU.Build.0 = Release|Any CPU
	EndGlobalSection
	GlobalSection(SolutionProperties) = preSolution
		HideSolutionNode = FALSE
	EndGlobalSection
	GlobalSection(ExtensibilityGlobals) = postSolution
		SolutionGuid = {F350797E-47B6-487C-BCC8-F7B790CA554E}
	EndGlobalSection
EndGlobal
